
Microsoft Visual Studio Solution File, Format Version 12.00
# Visual Studio Version 17
VisualStudioVersion = 17.1.32210.238
MinimumVisualStudioVersion = 10.0.40219.1
Project("{FAE04EC0-301F-11D3-BF4B-00C04F79EFBC}") = "API", "API\API.csproj", "{2FC0ABD4-4124-42DB-994A-A226E3E3B787}"
EndProject
Project("{FAE04EC0-301F-11D3-BF4B-00C04F79EFBC}") = "Domain", "Domain\Domain.csproj", "{339A5A81-14D8-4594-A05B-EFCC039E4363}"
EndProject
Project("{FAE04EC0-301F-11D3-BF4B-00C04F79EFBC}") = "Aplication", "Aplication\Aplication.csproj", "{A69DAB2D-80B1-4FC1-BCF7-D31B4971B053}"
EndProject
Global
	GlobalSection(SolutionConfigurationPlatforms) = preSolution
		Debug|Any CPU = Debug|Any CPU
		Release|Any CPU = Release|Any CPU
	EndGlobalSection
	GlobalSection(ProjectConfigurationPlatforms) = postSolution
		{2FC0ABD4-4124-42DB-994A-A226E3E3B787}.Debug|Any CPU.ActiveCfg = Debug|Any CPU
		{2FC0ABD4-4124-42DB-994A-A226E3E3B787}.Debug|Any CPU.Build.0 = Debug|Any CPU
		{2FC0ABD4-4124-42DB-994A-A226E3E3B787}.Release|Any CPU.ActiveCfg = Release|Any CPU
		{2FC0ABD4-4124-42DB-994A-A226E3E3B787}.Release|Any CPU.Build.0 = Release|Any CPU
		{339A5A81-14D8-4594-A05B-EFCC039E4363}.Debug|Any CPU.ActiveCfg = Debug|Any CPU
		{339A5A81-14D8-4594-A05B-EFCC039E4363}.Debug|Any CPU.Build.0 = Debug|Any CPU
		{339A5A81-14D8-4594-A05B-EFCC039E4363}.Release|Any CPU.ActiveCfg = Release|Any CPU
		{339A5A81-14D8-4594-A05B-EFCC039E4363}.Release|Any CPU.Build.0 = Release|Any CPU
		{A69DAB2D-80B1-4FC1-BCF7-D31B4971B053}.Debug|Any CPU.ActiveCfg = Debug|Any CPU
		{A69DAB2D-80B1-4FC1-BCF7-D31B4971B053}.Debug|Any CPU.Build.0 = Debug|Any CPU
		{A69DAB2D-80B1-4FC1-BCF7-D31B4971B053}.Release|Any CPU.ActiveCfg = Release|Any CPU
		{A69DAB2D-80B1-4FC1-BCF7-D31B4971B053}.Release|Any CPU.Build.0 = Release|Any CPU
	EndGlobalSection
	GlobalSection(SolutionProperties) = preSolution
		HideSolutionNode = FALSE
	EndGlobalSection
	GlobalSection(ExtensibilityGlobals) = postSolution
		SolutionGuid = {BDF07C87-51BD-41ED-A22D-FF7C8F867E85}
	EndGlobalSection
EndGlobal
